
Microsoft Visual Studio Solution File, Format Version 12.00
# Visual Studio Version 16
VisualStudioVersion = 16.0.35325.158
MinimumVisualStudioVersion = 10.0.40219.1
Project("{FAE04EC0-301F-11D3-BF4B-00C04F79EFBC}") = "RedragonBatteryIcon", "RedragonBatteryIcon.csproj", "{8DC06C56-A838-497C-8FDA-F2DBCD653909}"
EndProject
Global
	GlobalSection(SolutionConfigurationPlatforms) = preSolution
		Debug|Any CPU = Debug|Any CPU
		Release|Any CPU = Release|Any CPU
	EndGlobalSection
	GlobalSection(ProjectConfigurationPlatforms) = postSolution
		{8DC06C56-A838-497C-8FDA-F2DBCD653909}.Debug|Any CPU.ActiveCfg = Debug|Any CPU
		{8DC06C56-A838-497C-8FDA-F2DBCD653909}.Debug|Any CPU.Build.0 = Debug|Any CPU
		{8DC06C56-A838-497C-8FDA-F2DBCD653909}.Release|Any CPU.ActiveCfg = Release|Any CPU
		{8DC06C56-A838-497C-8FDA-F2DBCD653909}.Release|Any CPU.Build.0 = Release|Any CPU
	EndGlobalSection
	GlobalSection(SolutionProperties) = preSolution
		HideSolutionNode = FALSE
	EndGlobalSection
	GlobalSection(ExtensibilityGlobals) = postSolution
		SolutionGuid = {FBC5E98E-D7C3-4E80-9FD0-CEEDECD898E3}
	EndGlobalSection
EndGlobal
